speakeasyVersion: 1.608.0
sources: {}
targets:
    sdk:
        source: Ascend OpenAPI
workflow:
    workflowVersion: 1.0.0
    speakeasyVersion: "1.608"
    sources:
        Ascend OpenAPI:
            inputs:
                - location: ../ascend_uat_python.sdk.yaml
    targets:
        sdk:
            target: python
            source: Ascend OpenAPI
            testing:
                enabled: true
                mockServer:
                    enabled: false
